
Microsoft Visual Studio Solution File, Format Version 12.00
# Visual Studio 2013
VisualStudioVersion = 12.0.31101.0
MinimumVisualStudioVersion = 10.0.40219.1
Project("{FAE04EC0-301F-11D3-BF4B-00C04F79EFBC}") = "VsExample", "VsExample\VsExample.csproj", "{CE2C5F83-245B-48EE-9D36-0E7656A0ADDE}"
EndProject
Project("{2150E333-8FDC-42A3-9474-1A3956D46DE8}") = "Chapter2", "Chapter2", "{8B148449-8840-4A9E-AE1C-609CEAAFA362}"
EndProject
Project("{2150E333-8FDC-42A3-9474-1A3956D46DE8}") = "Chapter3", "Chapter3", "{1BF1DC54-EB2E-4EBA-B170-045005A16D20}"
EndProject
Project("{FAE04EC0-301F-11D3-BF4B-00C04F79EFBC}") = "DataTypeUse", "DataTypeUse\DataTypeUse.csproj", "{030972FE-62AD-44DE-87A0-9EB3130C1B62}"
EndProject
Project("{FAE04EC0-301F-11D3-BF4B-00C04F79EFBC}") = "DecisionConstruct", "DecisionConstruct\DecisionConstruct.csproj", "{D3B362D4-2470-4F61-B94C-70B5360E3B5C}"
EndProject
Project("{FAE04EC0-301F-11D3-BF4B-00C04F79EFBC}") = "CommandLineArguments", "CommandLineArguments\CommandLineArguments.csproj", "{D70C3BD9-EE22-49BA-BCE8-484629A141A8}"
EndProject
Project("{2150E333-8FDC-42A3-9474-1A3956D46DE8}") = "Chapter4", "Chapter4", "{C9EE537D-CA00-4994-9125-3DA5E3EDCDBB}"
EndProject
Project("{FAE04EC0-301F-11D3-BF4B-00C04F79EFBC}") = "Methods andParameterModifiers", "Methods andParameterModifiers\Methods andParameterModifiers.csproj", "{A0FC5707-246C-4C0C-AC91-12EAC8E5A13D}"
EndProject
Project("{FAE04EC0-301F-11D3-BF4B-00C04F79EFBC}") = "Overloading", "Overloading\Overloading.csproj", "{DE5FF28C-F333-40C5-8CAF-89BA4CE92A77}"
EndProject
Project("{FAE04EC0-301F-11D3-BF4B-00C04F79EFBC}") = "Arrays", "Arrays\Arrays.csproj", "{DA462A77-FED3-41D5-BEF0-D61977B6C8F9}"
EndProject
Project("{FAE04EC0-301F-11D3-BF4B-00C04F79EFBC}") = "EnumExamples", "EnumExamples\EnumExamples.csproj", "{D1DFE570-EB7A-49A7-9E22-167B5BCD0207}"
EndProject
Project("{FAE04EC0-301F-11D3-BF4B-00C04F79EFBC}") = "StructExamples", "StructExamples\StructExamples.csproj", "{71A253CF-CF7E-4EB7-8FA6-4563412FEFFB}"
EndProject
Project("{2150E333-8FDC-42A3-9474-1A3956D46DE8}") = "Chapter5", "Chapter5", "{B6161A8F-65A9-4F73-8901-E84962FA7F95}"
EndProject
Project("{FAE04EC0-301F-11D3-BF4B-00C04F79EFBC}") = "CustomConstructor", "CustomConstructor\CustomConstructor.csproj", "{A9250489-9927-48F7-96C2-6E75A4DF1C3A}"
EndProject
Project("{FAE04EC0-301F-11D3-BF4B-00C04F79EFBC}") = "StaticExample", "StaticExample\StaticExample.csproj", "{14DAC40F-7E11-4087-B3EE-82CE512CFE72}"
EndProject
Project("{FAE04EC0-301F-11D3-BF4B-00C04F79EFBC}") = "Encapsulation", "Encapsulation\Encapsulation.csproj", "{ABDB4013-A743-4560-8D84-3FD7F930087E}"
EndProject
Project("{2150E333-8FDC-42A3-9474-1A3956D46DE8}") = "Chapter6", "Chapter6", "{FB23AF93-72E9-4BD8-95AA-97B27F329264}"
EndProject
Project("{FAE04EC0-301F-11D3-BF4B-00C04F79EFBC}") = "Inheritance", "Inheritance\Inheritance.csproj", "{7E4C2FA7-7E57-4904-9E1D-3A206D722119}"
EndProject
Project("{FAE04EC0-301F-11D3-BF4B-00C04F79EFBC}") = "InheritanceDetails", "InheritanceDetails\InheritanceDetails.csproj", "{38C94C9F-8E56-4CF9-8A5D-65DCCAB2F2A6}"
EndProject
Project("{2150E333-8FDC-42A3-9474-1A3956D46DE8}") = "Chapter7", "Chapter7", "{4520939D-0A93-4DED-9B3A-C18BA8B24052}"
EndProject
Project("{2150E333-8FDC-42A3-9474-1A3956D46DE8}") = "Chapter8", "Chapter8", "{1BE7402D-EE81-4852-A90C-463895B12793}"
EndProject
Project("{FAE04EC0-301F-11D3-BF4B-00C04F79EFBC}") = "InterfacesExample", "InterfacesExample\InterfacesExample.csproj", "{0E6EC435-9456-4BF7-8511-8CB93DD9E91F}"
EndProject
Project("{FAE04EC0-301F-11D3-BF4B-00C04F79EFBC}") = "ExceptionExample", "ExceptionExample\ExceptionExample.csproj", "{140018D6-AC4B-48FD-9D41-AF889BA770EF}"
EndProject
Project("{2150E333-8FDC-42A3-9474-1A3956D46DE8}") = "Chapter9", "Chapter9", "{B5A4A940-CEE2-48B8-B8D9-94DEBF3BB7E6}"
EndProject
Project("{FAE04EC0-301F-11D3-BF4B-00C04F79EFBC}") = "ArrayListExample", "ArrayListExample\ArrayListExample.csproj", "{1C1D1E07-F7B4-4578-ADAC-D893D3F89D73}"
EndProject
Project("{FAE04EC0-301F-11D3-BF4B-00C04F79EFBC}") = "QueueExample", "QueueExample\QueueExample.csproj", "{257FA1A9-6EFE-44F5-94B3-7AE89B242885}"
EndProject
Project("{FAE04EC0-301F-11D3-BF4B-00C04F79EFBC}") = "ObservableCollectionExample", "ObservableCollectionExample\ObservableCollectionExample.csproj", "{ADF7FC4C-B5DE-4CC4-B1E3-6E23F3CA4958}"
EndProject
Project("{2150E333-8FDC-42A3-9474-1A3956D46DE8}") = "Chapter10", "Chapter10", "{752B9A3B-86B6-4FC5-995D-02FA4848AB60}"
EndProject
Project("{FAE04EC0-301F-11D3-BF4B-00C04F79EFBC}") = "DelegatesExample", "DelegatesExample\DelegatesExample.csproj", "{53D3A4D6-E455-4306-B523-B37E6A9C3F9A}"
EndProject
Project("{FAE04EC0-301F-11D3-BF4B-00C04F79EFBC}") = "EventExample", "EventExample\EventExample.csproj", "{1F8DFA9D-E4C7-445F-AA83-68243B499282}"
EndProject
Project("{2150E333-8FDC-42A3-9474-1A3956D46DE8}") = "Chapter11", "Chapter11", "{B8ECD085-2305-41FC-8A88-DC794F23E97A}"
EndProject
Project("{FAE04EC0-301F-11D3-BF4B-00C04F79EFBC}") = "OverloadingExample", "OverloadingExample\OverloadingExample.csproj", "{E058C1E6-9841-46AE-8C71-06B64B047077}"
EndProject
Project("{FAE04EC0-301F-11D3-BF4B-00C04F79EFBC}") = "ExtensionMethodExamples", "ExtensionMethodExamples\ExtensionMethodExamples.csproj", "{7711FF70-E96E-471A-8732-9DB2A5562FFA}"
EndProject
Project("{2150E333-8FDC-42A3-9474-1A3956D46DE8}") = "Chapter12", "Chapter12", "{C3DE0FEB-8B41-45D3-B442-E6F8CD388EF1}"
EndProject
Project("{FAE04EC0-301F-11D3-BF4B-00C04F79EFBC}") = "LINQExample", "LINQExample\LINQExample.csproj", "{CE18B628-FB68-436A-A554-8EF589A4D9F8}"
EndProject
Project("{2150E333-8FDC-42A3-9474-1A3956D46DE8}") = "Chapter13", "Chapter13", "{DBEA3261-2498-4781-AC55-A0836D12CE53}"
EndProject
Project("{FAE04EC0-301F-11D3-BF4B-00C04F79EFBC}") = "ObjectLifetimeExample", "ObjectLifetimeExample\ObjectLifetimeExample.csproj", "{695FDCC5-061F-4F6D-A409-69B2D52C3954}"
EndProject
Project("{FAE04EC0-301F-11D3-BF4B-00C04F79EFBC}") = "DisposableExample", "DisposableExample\DisposableExample.csproj", "{0A6C09B6-8C23-4D00-BE01-54B4FBC3EA10}"
EndProject
Project("{FAE04EC0-301F-11D3-BF4B-00C04F79EFBC}") = "LazyObjectInstantiationExample", "LazyObjectInstantiationExample\LazyObjectInstantiationExample.csproj", "{7EAA885C-42F7-4395-AADE-EDDEAECD547C}"
EndProject
Project("{2150E333-8FDC-42A3-9474-1A3956D46DE8}") = "Chapter14", "Chapter14", "{7477C9A3-66EC-4555-A464-833852DB3F51}"
EndProject
Project("{FAE04EC0-301F-11D3-BF4B-00C04F79EFBC}") = "CarLibrary", "CarLibrary\CarLibrary.csproj", "{6620481C-9D8B-437D-8303-49D2E3F90536}"
EndProject
Project("{FAE04EC0-301F-11D3-BF4B-00C04F79EFBC}") = "CarClient", "CarClient\CarClient.csproj", "{924F364E-7D0D-4E21-A463-5CEEE3BCF717}"
EndProject
Project("{2150E333-8FDC-42A3-9474-1A3956D46DE8}") = "Chapter15", "Chapter15", "{14A72B29-D75F-4144-8FB0-1852DFAEB17B}"
EndProject
Project("{FAE04EC0-301F-11D3-BF4B-00C04F79EFBC}") = "LateBindingExample", "LateBindingExample\LateBindingExample.csproj", "{3BBCDBDE-EDBD-4416-A565-38976D7711F0}"
EndProject
Project("{FAE04EC0-301F-11D3-BF4B-00C04F79EFBC}") = "CarLibrary", "CarLib\CarLibrary.csproj", "{DD015887-9204-46A3-82F7-03B24DCCA2D2}"
EndProject
Project("{FAE04EC0-301F-11D3-BF4B-00C04F79EFBC}") = "AttributesExample", "AttributesExample\AttributesExample.csproj", "{06BEFC22-688E-4F10-A00B-09477098B189}"
EndProject
Project("{2150E333-8FDC-42A3-9474-1A3956D46DE8}") = "Chapter19", "Chapter19", "{7AFD3D48-5232-4CFA-BFBC-ED235B081F82}"
EndProject
Project("{FAE04EC0-301F-11D3-BF4B-00C04F79EFBC}") = "AsynchronousDelegatesExample", "AsynchronousDelegatesExample\AsynchronousDelegatesExample.csproj", "{04445697-A9E6-4E14-910F-0113AF93F58B}"
EndProject
Project("{FAE04EC0-301F-11D3-BF4B-00C04F79EFBC}") = "ConcurencyExample", "ConcurencyExample\ConcurencyExample.csproj", "{DC0BE335-7AB4-493A-A457-4F66A47C80E9}"
EndProject
Global
	GlobalSection(SolutionConfigurationPlatforms) = preSolution
		Debug|Any CPU = Debug|Any CPU
		Debug|ARM = Debug|ARM
		Debug|x64 = Debug|x64
		Debug|x86 = Debug|x86
		Release|Any CPU = Release|Any CPU
		Release|ARM = Release|ARM
		Release|x64 = Release|x64
		Release|x86 = Release|x86
	EndGlobalSection
	GlobalSection(ProjectConfigurationPlatforms) = postSolution
		{CE2C5F83-245B-48EE-9D36-0E7656A0ADDE}.Debug|Any CPU.ActiveCfg = Debug|Any CPU
		{CE2C5F83-245B-48EE-9D36-0E7656A0ADDE}.Debug|Any CPU.Build.0 = Debug|Any CPU
		{CE2C5F83-245B-48EE-9D36-0E7656A0ADDE}.Debug|ARM.ActiveCfg = Debug|Any CPU
		{CE2C5F83-245B-48EE-9D36-0E7656A0ADDE}.Debug|x64.ActiveCfg = Debug|Any CPU
		{CE2C5F83-245B-48EE-9D36-0E7656A0ADDE}.Debug|x86.ActiveCfg = Debug|Any CPU
		{CE2C5F83-245B-48EE-9D36-0E7656A0ADDE}.Release|Any CPU.ActiveCfg = Release|Any CPU
		{CE2C5F83-245B-48EE-9D36-0E7656A0ADDE}.Release|Any CPU.Build.0 = Release|Any CPU
		{CE2C5F83-245B-48EE-9D36-0E7656A0ADDE}.Release|ARM.ActiveCfg = Release|Any CPU
		{CE2C5F83-245B-48EE-9D36-0E7656A0ADDE}.Release|x64.ActiveCfg = Release|Any CPU
		{CE2C5F83-245B-48EE-9D36-0E7656A0ADDE}.Release|x86.ActiveCfg = Release|Any CPU
		{030972FE-62AD-44DE-87A0-9EB3130C1B62}.Debug|Any CPU.ActiveCfg = Debug|Any CPU
		{030972FE-62AD-44DE-87A0-9EB3130C1B62}.Debug|Any CPU.Build.0 = Debug|Any CPU
		{030972FE-62AD-44DE-87A0-9EB3130C1B62}.Debug|ARM.ActiveCfg = Debug|Any CPU
		{030972FE-62AD-44DE-87A0-9EB3130C1B62}.Debug|x64.ActiveCfg = Debug|Any CPU
		{030972FE-62AD-44DE-87A0-9EB3130C1B62}.Debug|x86.ActiveCfg = Debug|Any CPU
		{030972FE-62AD-44DE-87A0-9EB3130C1B62}.Release|Any CPU.ActiveCfg = Release|Any CPU
		{030972FE-62AD-44DE-87A0-9EB3130C1B62}.Release|Any CPU.Build.0 = Release|Any CPU
		{030972FE-62AD-44DE-87A0-9EB3130C1B62}.Release|ARM.ActiveCfg = Release|Any CPU
		{030972FE-62AD-44DE-87A0-9EB3130C1B62}.Release|x64.ActiveCfg = Release|Any CPU
		{030972FE-62AD-44DE-87A0-9EB3130C1B62}.Release|x86.ActiveCfg = Release|Any CPU
		{D3B362D4-2470-4F61-B94C-70B5360E3B5C}.Debug|Any CPU.ActiveCfg = Debug|Any CPU
		{D3B362D4-2470-4F61-B94C-70B5360E3B5C}.Debug|Any CPU.Build.0 = Debug|Any CPU
		{D3B362D4-2470-4F61-B94C-70B5360E3B5C}.Debug|ARM.ActiveCfg = Debug|Any CPU
		{D3B362D4-2470-4F61-B94C-70B5360E3B5C}.Debug|x64.ActiveCfg = Debug|Any CPU
		{D3B362D4-2470-4F61-B94C-70B5360E3B5C}.Debug|x86.ActiveCfg = Debug|Any CPU
		{D3B362D4-2470-4F61-B94C-70B5360E3B5C}.Release|Any CPU.ActiveCfg = Release|Any CPU
		{D3B362D4-2470-4F61-B94C-70B5360E3B5C}.Release|Any CPU.Build.0 = Release|Any CPU
		{D3B362D4-2470-4F61-B94C-70B5360E3B5C}.Release|ARM.ActiveCfg = Release|Any CPU
		{D3B362D4-2470-4F61-B94C-70B5360E3B5C}.Release|x64.ActiveCfg = Release|Any CPU
		{D3B362D4-2470-4F61-B94C-70B5360E3B5C}.Release|x86.ActiveCfg = Release|Any CPU
		{D70C3BD9-EE22-49BA-BCE8-484629A141A8}.Debug|Any CPU.ActiveCfg = Debug|Any CPU
		{D70C3BD9-EE22-49BA-BCE8-484629A141A8}.Debug|Any CPU.Build.0 = Debug|Any CPU
		{D70C3BD9-EE22-49BA-BCE8-484629A141A8}.Debug|ARM.ActiveCfg = Debug|Any CPU
		{D70C3BD9-EE22-49BA-BCE8-484629A141A8}.Debug|x64.ActiveCfg = Debug|Any CPU
		{D70C3BD9-EE22-49BA-BCE8-484629A141A8}.Debug|x86.ActiveCfg = Debug|Any CPU
		{D70C3BD9-EE22-49BA-BCE8-484629A141A8}.Release|Any CPU.ActiveCfg = Release|Any CPU
		{D70C3BD9-EE22-49BA-BCE8-484629A141A8}.Release|Any CPU.Build.0 = Release|Any CPU
		{D70C3BD9-EE22-49BA-BCE8-484629A141A8}.Release|ARM.ActiveCfg = Release|Any CPU
		{D70C3BD9-EE22-49BA-BCE8-484629A141A8}.Release|x64.ActiveCfg = Release|Any CPU
		{D70C3BD9-EE22-49BA-BCE8-484629A141A8}.Release|x86.ActiveCfg = Release|Any CPU
		{A0FC5707-246C-4C0C-AC91-12EAC8E5A13D}.Debug|Any CPU.ActiveCfg = Debug|Any CPU
		{A0FC5707-246C-4C0C-AC91-12EAC8E5A13D}.Debug|Any CPU.Build.0 = Debug|Any CPU
		{A0FC5707-246C-4C0C-AC91-12EAC8E5A13D}.Debug|ARM.ActiveCfg = Debug|Any CPU
		{A0FC5707-246C-4C0C-AC91-12EAC8E5A13D}.Debug|x64.ActiveCfg = Debug|Any CPU
		{A0FC5707-246C-4C0C-AC91-12EAC8E5A13D}.Debug|x86.ActiveCfg = Debug|Any CPU
		{A0FC5707-246C-4C0C-AC91-12EAC8E5A13D}.Release|Any CPU.ActiveCfg = Release|Any CPU
		{A0FC5707-246C-4C0C-AC91-12EAC8E5A13D}.Release|Any CPU.Build.0 = Release|Any CPU
		{A0FC5707-246C-4C0C-AC91-12EAC8E5A13D}.Release|ARM.ActiveCfg = Release|Any CPU
		{A0FC5707-246C-4C0C-AC91-12EAC8E5A13D}.Release|x64.ActiveCfg = Release|Any CPU
		{A0FC5707-246C-4C0C-AC91-12EAC8E5A13D}.Release|x86.ActiveCfg = Release|Any CPU
		{DE5FF28C-F333-40C5-8CAF-89BA4CE92A77}.Debug|Any CPU.ActiveCfg = Debug|Any CPU
		{DE5FF28C-F333-40C5-8CAF-89BA4CE92A77}.Debug|Any CPU.Build.0 = Debug|Any CPU
		{DE5FF28C-F333-40C5-8CAF-89BA4CE92A77}.Debug|ARM.ActiveCfg = Debug|Any CPU
		{DE5FF28C-F333-40C5-8CAF-89BA4CE92A77}.Debug|x64.ActiveCfg = Debug|Any CPU
		{DE5FF28C-F333-40C5-8CAF-89BA4CE92A77}.Debug|x86.ActiveCfg = Debug|Any CPU
		{DE5FF28C-F333-40C5-8CAF-89BA4CE92A77}.Release|Any CPU.ActiveCfg = Release|Any CPU
		{DE5FF28C-F333-40C5-8CAF-89BA4CE92A77}.Release|Any CPU.Build.0 = Release|Any CPU
		{DE5FF28C-F333-40C5-8CAF-89BA4CE92A77}.Release|ARM.ActiveCfg = Release|Any CPU
		{DE5FF28C-F333-40C5-8CAF-89BA4CE92A77}.Release|x64.ActiveCfg = Release|Any CPU
		{DE5FF28C-F333-40C5-8CAF-89BA4CE92A77}.Release|x86.ActiveCfg = Release|Any CPU
		{DA462A77-FED3-41D5-BEF0-D61977B6C8F9}.Debug|Any CPU.ActiveCfg = Debug|Any CPU
		{DA462A77-FED3-41D5-BEF0-D61977B6C8F9}.Debug|Any CPU.Build.0 = Debug|Any CPU
		{DA462A77-FED3-41D5-BEF0-D61977B6C8F9}.Debug|ARM.ActiveCfg = Debug|Any CPU
		{DA462A77-FED3-41D5-BEF0-D61977B6C8F9}.Debug|x64.ActiveCfg = Debug|Any CPU
		{DA462A77-FED3-41D5-BEF0-D61977B6C8F9}.Debug|x86.ActiveCfg = Debug|Any CPU
		{DA462A77-FED3-41D5-BEF0-D61977B6C8F9}.Release|Any CPU.ActiveCfg = Release|Any CPU
		{DA462A77-FED3-41D5-BEF0-D61977B6C8F9}.Release|Any CPU.Build.0 = Release|Any CPU
		{DA462A77-FED3-41D5-BEF0-D61977B6C8F9}.Release|ARM.ActiveCfg = Release|Any CPU
		{DA462A77-FED3-41D5-BEF0-D61977B6C8F9}.Release|x64.ActiveCfg = Release|Any CPU
		{DA462A77-FED3-41D5-BEF0-D61977B6C8F9}.Release|x86.ActiveCfg = Release|Any CPU
		{D1DFE570-EB7A-49A7-9E22-167B5BCD0207}.Debug|Any CPU.ActiveCfg = Debug|Any CPU
		{D1DFE570-EB7A-49A7-9E22-167B5BCD0207}.Debug|Any CPU.Build.0 = Debug|Any CPU
		{D1DFE570-EB7A-49A7-9E22-167B5BCD0207}.Debug|ARM.ActiveCfg = Debug|Any CPU
		{D1DFE570-EB7A-49A7-9E22-167B5BCD0207}.Debug|x64.ActiveCfg = Debug|Any CPU
		{D1DFE570-EB7A-49A7-9E22-167B5BCD0207}.Debug|x86.ActiveCfg = Debug|Any CPU
		{D1DFE570-EB7A-49A7-9E22-167B5BCD0207}.Release|Any CPU.ActiveCfg = Release|Any CPU
		{D1DFE570-EB7A-49A7-9E22-167B5BCD0207}.Release|Any CPU.Build.0 = Release|Any CPU
		{D1DFE570-EB7A-49A7-9E22-167B5BCD0207}.Release|ARM.ActiveCfg = Release|Any CPU
		{D1DFE570-EB7A-49A7-9E22-167B5BCD0207}.Release|x64.ActiveCfg = Release|Any CPU
		{D1DFE570-EB7A-49A7-9E22-167B5BCD0207}.Release|x86.ActiveCfg = Release|Any CPU
		{71A253CF-CF7E-4EB7-8FA6-4563412FEFFB}.Debug|Any CPU.ActiveCfg = Debug|Any CPU
		{71A253CF-CF7E-4EB7-8FA6-4563412FEFFB}.Debug|Any CPU.Build.0 = Debug|Any CPU
		{71A253CF-CF7E-4EB7-8FA6-4563412FEFFB}.Debug|ARM.ActiveCfg = Debug|Any CPU
		{71A253CF-CF7E-4EB7-8FA6-4563412FEFFB}.Debug|x64.ActiveCfg = Debug|Any CPU
		{71A253CF-CF7E-4EB7-8FA6-4563412FEFFB}.Debug|x86.ActiveCfg = Debug|Any CPU
		{71A253CF-CF7E-4EB7-8FA6-4563412FEFFB}.Release|Any CPU.ActiveCfg = Release|Any CPU
		{71A253CF-CF7E-4EB7-8FA6-4563412FEFFB}.Release|Any CPU.Build.0 = Release|Any CPU
		{71A253CF-CF7E-4EB7-8FA6-4563412FEFFB}.Release|ARM.ActiveCfg = Release|Any CPU
		{71A253CF-CF7E-4EB7-8FA6-4563412FEFFB}.Release|x64.ActiveCfg = Release|Any CPU
		{71A253CF-CF7E-4EB7-8FA6-4563412FEFFB}.Release|x86.ActiveCfg = Release|Any CPU
		{A9250489-9927-48F7-96C2-6E75A4DF1C3A}.Debug|Any CPU.ActiveCfg = Debug|Any CPU
		{A9250489-9927-48F7-96C2-6E75A4DF1C3A}.Debug|Any CPU.Build.0 = Debug|Any CPU
		{A9250489-9927-48F7-96C2-6E75A4DF1C3A}.Debug|ARM.ActiveCfg = Debug|Any CPU
		{A9250489-9927-48F7-96C2-6E75A4DF1C3A}.Debug|x64.ActiveCfg = Debug|Any CPU
		{A9250489-9927-48F7-96C2-6E75A4DF1C3A}.Debug|x86.ActiveCfg = Debug|Any CPU
		{A9250489-9927-48F7-96C2-6E75A4DF1C3A}.Release|Any CPU.ActiveCfg = Release|Any CPU
		{A9250489-9927-48F7-96C2-6E75A4DF1C3A}.Release|Any CPU.Build.0 = Release|Any CPU
		{A9250489-9927-48F7-96C2-6E75A4DF1C3A}.Release|ARM.ActiveCfg = Release|Any CPU
		{A9250489-9927-48F7-96C2-6E75A4DF1C3A}.Release|x64.ActiveCfg = Release|Any CPU
		{A9250489-9927-48F7-96C2-6E75A4DF1C3A}.Release|x86.ActiveCfg = Release|Any CPU
		{14DAC40F-7E11-4087-B3EE-82CE512CFE72}.Debug|Any CPU.ActiveCfg = Debug|Any CPU
		{14DAC40F-7E11-4087-B3EE-82CE512CFE72}.Debug|Any CPU.Build.0 = Debug|Any CPU
		{14DAC40F-7E11-4087-B3EE-82CE512CFE72}.Debug|ARM.ActiveCfg = Debug|Any CPU
		{14DAC40F-7E11-4087-B3EE-82CE512CFE72}.Debug|x64.ActiveCfg = Debug|Any CPU
		{14DAC40F-7E11-4087-B3EE-82CE512CFE72}.Debug|x86.ActiveCfg = Debug|Any CPU
		{14DAC40F-7E11-4087-B3EE-82CE512CFE72}.Release|Any CPU.ActiveCfg = Release|Any CPU
		{14DAC40F-7E11-4087-B3EE-82CE512CFE72}.Release|Any CPU.Build.0 = Release|Any CPU
		{14DAC40F-7E11-4087-B3EE-82CE512CFE72}.Release|ARM.ActiveCfg = Release|Any CPU
		{14DAC40F-7E11-4087-B3EE-82CE512CFE72}.Release|x64.ActiveCfg = Release|Any CPU
		{14DAC40F-7E11-4087-B3EE-82CE512CFE72}.Release|x86.ActiveCfg = Release|Any CPU
		{ABDB4013-A743-4560-8D84-3FD7F930087E}.Debug|Any CPU.ActiveCfg = Debug|Any CPU
		{ABDB4013-A743-4560-8D84-3FD7F930087E}.Debug|Any CPU.Build.0 = Debug|Any CPU
		{ABDB4013-A743-4560-8D84-3FD7F930087E}.Debug|ARM.ActiveCfg = Debug|Any CPU
		{ABDB4013-A743-4560-8D84-3FD7F930087E}.Debug|x64.ActiveCfg = Debug|Any CPU
		{ABDB4013-A743-4560-8D84-3FD7F930087E}.Debug|x86.ActiveCfg = Debug|Any CPU
		{ABDB4013-A743-4560-8D84-3FD7F930087E}.Release|Any CPU.ActiveCfg = Release|Any CPU
		{ABDB4013-A743-4560-8D84-3FD7F930087E}.Release|Any CPU.Build.0 = Release|Any CPU
		{ABDB4013-A743-4560-8D84-3FD7F930087E}.Release|ARM.ActiveCfg = Release|Any CPU
		{ABDB4013-A743-4560-8D84-3FD7F930087E}.Release|x64.ActiveCfg = Release|Any CPU
		{ABDB4013-A743-4560-8D84-3FD7F930087E}.Release|x86.ActiveCfg = Release|Any CPU
		{7E4C2FA7-7E57-4904-9E1D-3A206D722119}.Debug|Any CPU.ActiveCfg = Debug|Any CPU
		{7E4C2FA7-7E57-4904-9E1D-3A206D722119}.Debug|Any CPU.Build.0 = Debug|Any CPU
		{7E4C2FA7-7E57-4904-9E1D-3A206D722119}.Debug|ARM.ActiveCfg = Debug|Any CPU
		{7E4C2FA7-7E57-4904-9E1D-3A206D722119}.Debug|x64.ActiveCfg = Debug|Any CPU
		{7E4C2FA7-7E57-4904-9E1D-3A206D722119}.Debug|x86.ActiveCfg = Debug|Any CPU
		{7E4C2FA7-7E57-4904-9E1D-3A206D722119}.Release|Any CPU.ActiveCfg = Release|Any CPU
		{7E4C2FA7-7E57-4904-9E1D-3A206D722119}.Release|Any CPU.Build.0 = Release|Any CPU
		{7E4C2FA7-7E57-4904-9E1D-3A206D722119}.Release|ARM.ActiveCfg = Release|Any CPU
		{7E4C2FA7-7E57-4904-9E1D-3A206D722119}.Release|x64.ActiveCfg = Release|Any CPU
		{7E4C2FA7-7E57-4904-9E1D-3A206D722119}.Release|x86.ActiveCfg = Release|Any CPU
		{38C94C9F-8E56-4CF9-8A5D-65DCCAB2F2A6}.Debug|Any CPU.ActiveCfg = Debug|Any CPU
		{38C94C9F-8E56-4CF9-8A5D-65DCCAB2F2A6}.Debug|Any CPU.Build.0 = Debug|Any CPU
		{38C94C9F-8E56-4CF9-8A5D-65DCCAB2F2A6}.Debug|ARM.ActiveCfg = Debug|Any CPU
		{38C94C9F-8E56-4CF9-8A5D-65DCCAB2F2A6}.Debug|x64.ActiveCfg = Debug|Any CPU
		{38C94C9F-8E56-4CF9-8A5D-65DCCAB2F2A6}.Debug|x86.ActiveCfg = Debug|Any CPU
		{38C94C9F-8E56-4CF9-8A5D-65DCCAB2F2A6}.Release|Any CPU.ActiveCfg = Release|Any CPU
		{38C94C9F-8E56-4CF9-8A5D-65DCCAB2F2A6}.Release|Any CPU.Build.0 = Release|Any CPU
		{38C94C9F-8E56-4CF9-8A5D-65DCCAB2F2A6}.Release|ARM.ActiveCfg = Release|Any CPU
		{38C94C9F-8E56-4CF9-8A5D-65DCCAB2F2A6}.Release|x64.ActiveCfg = Release|Any CPU
		{38C94C9F-8E56-4CF9-8A5D-65DCCAB2F2A6}.Release|x86.ActiveCfg = Release|Any CPU
		{0E6EC435-9456-4BF7-8511-8CB93DD9E91F}.Debug|Any CPU.ActiveCfg = Debug|Any CPU
		{0E6EC435-9456-4BF7-8511-8CB93DD9E91F}.Debug|Any CPU.Build.0 = Debug|Any CPU
		{0E6EC435-9456-4BF7-8511-8CB93DD9E91F}.Debug|ARM.ActiveCfg = Debug|Any CPU
		{0E6EC435-9456-4BF7-8511-8CB93DD9E91F}.Debug|x64.ActiveCfg = Debug|Any CPU
		{0E6EC435-9456-4BF7-8511-8CB93DD9E91F}.Debug|x86.ActiveCfg = Debug|Any CPU
		{0E6EC435-9456-4BF7-8511-8CB93DD9E91F}.Release|Any CPU.ActiveCfg = Release|Any CPU
		{0E6EC435-9456-4BF7-8511-8CB93DD9E91F}.Release|Any CPU.Build.0 = Release|Any CPU
		{0E6EC435-9456-4BF7-8511-8CB93DD9E91F}.Release|ARM.ActiveCfg = Release|Any CPU
		{0E6EC435-9456-4BF7-8511-8CB93DD9E91F}.Release|x64.ActiveCfg = Release|Any CPU
		{0E6EC435-9456-4BF7-8511-8CB93DD9E91F}.Release|x86.ActiveCfg = Release|Any CPU
		{140018D6-AC4B-48FD-9D41-AF889BA770EF}.Debug|Any CPU.ActiveCfg = Debug|Any CPU
		{140018D6-AC4B-48FD-9D41-AF889BA770EF}.Debug|Any CPU.Build.0 = Debug|Any CPU
		{140018D6-AC4B-48FD-9D41-AF889BA770EF}.Debug|ARM.ActiveCfg = Debug|Any CPU
		{140018D6-AC4B-48FD-9D41-AF889BA770EF}.Debug|x64.ActiveCfg = Debug|Any CPU
		{140018D6-AC4B-48FD-9D41-AF889BA770EF}.Debug|x86.ActiveCfg = Debug|Any CPU
		{140018D6-AC4B-48FD-9D41-AF889BA770EF}.Release|Any CPU.ActiveCfg = Release|Any CPU
		{140018D6-AC4B-48FD-9D41-AF889BA770EF}.Release|Any CPU.Build.0 = Release|Any CPU
		{140018D6-AC4B-48FD-9D41-AF889BA770EF}.Release|ARM.ActiveCfg = Release|Any CPU
		{140018D6-AC4B-48FD-9D41-AF889BA770EF}.Release|x64.ActiveCfg = Release|Any CPU
		{140018D6-AC4B-48FD-9D41-AF889BA770EF}.Release|x86.ActiveCfg = Release|Any CPU
		{1C1D1E07-F7B4-4578-ADAC-D893D3F89D73}.Debug|Any CPU.ActiveCfg = Debug|Any CPU
		{1C1D1E07-F7B4-4578-ADAC-D893D3F89D73}.Debug|Any CPU.Build.0 = Debug|Any CPU
		{1C1D1E07-F7B4-4578-ADAC-D893D3F89D73}.Debug|ARM.ActiveCfg = Debug|Any CPU
		{1C1D1E07-F7B4-4578-ADAC-D893D3F89D73}.Debug|x64.ActiveCfg = Debug|Any CPU
		{1C1D1E07-F7B4-4578-ADAC-D893D3F89D73}.Debug|x86.ActiveCfg = Debug|Any CPU
		{1C1D1E07-F7B4-4578-ADAC-D893D3F89D73}.Release|Any CPU.ActiveCfg = Release|Any CPU
		{1C1D1E07-F7B4-4578-ADAC-D893D3F89D73}.Release|Any CPU.Build.0 = Release|Any CPU
		{1C1D1E07-F7B4-4578-ADAC-D893D3F89D73}.Release|ARM.ActiveCfg = Release|Any CPU
		{1C1D1E07-F7B4-4578-ADAC-D893D3F89D73}.Release|x64.ActiveCfg = Release|Any CPU
		{1C1D1E07-F7B4-4578-ADAC-D893D3F89D73}.Release|x86.ActiveCfg = Release|Any CPU
		{257FA1A9-6EFE-44F5-94B3-7AE89B242885}.Debug|Any CPU.ActiveCfg = Debug|Any CPU
		{257FA1A9-6EFE-44F5-94B3-7AE89B242885}.Debug|Any CPU.Build.0 = Debug|Any CPU
		{257FA1A9-6EFE-44F5-94B3-7AE89B242885}.Debug|ARM.ActiveCfg = Debug|Any CPU
		{257FA1A9-6EFE-44F5-94B3-7AE89B242885}.Debug|x64.ActiveCfg = Debug|Any CPU
		{257FA1A9-6EFE-44F5-94B3-7AE89B242885}.Debug|x86.ActiveCfg = Debug|Any CPU
		{257FA1A9-6EFE-44F5-94B3-7AE89B242885}.Release|Any CPU.ActiveCfg = Release|Any CPU
		{257FA1A9-6EFE-44F5-94B3-7AE89B242885}.Release|Any CPU.Build.0 = Release|Any CPU
		{257FA1A9-6EFE-44F5-94B3-7AE89B242885}.Release|ARM.ActiveCfg = Release|Any CPU
		{257FA1A9-6EFE-44F5-94B3-7AE89B242885}.Release|x64.ActiveCfg = Release|Any CPU
		{257FA1A9-6EFE-44F5-94B3-7AE89B242885}.Release|x86.ActiveCfg = Release|Any CPU
		{ADF7FC4C-B5DE-4CC4-B1E3-6E23F3CA4958}.Debug|Any CPU.ActiveCfg = Debug|Any CPU
		{ADF7FC4C-B5DE-4CC4-B1E3-6E23F3CA4958}.Debug|Any CPU.Build.0 = Debug|Any CPU
		{ADF7FC4C-B5DE-4CC4-B1E3-6E23F3CA4958}.Debug|ARM.ActiveCfg = Debug|Any CPU
		{ADF7FC4C-B5DE-4CC4-B1E3-6E23F3CA4958}.Debug|x64.ActiveCfg = Debug|Any CPU
		{ADF7FC4C-B5DE-4CC4-B1E3-6E23F3CA4958}.Debug|x86.ActiveCfg = Debug|Any CPU
		{ADF7FC4C-B5DE-4CC4-B1E3-6E23F3CA4958}.Release|Any CPU.ActiveCfg = Release|Any CPU
		{ADF7FC4C-B5DE-4CC4-B1E3-6E23F3CA4958}.Release|Any CPU.Build.0 = Release|Any CPU
		{ADF7FC4C-B5DE-4CC4-B1E3-6E23F3CA4958}.Release|ARM.ActiveCfg = Release|Any CPU
		{ADF7FC4C-B5DE-4CC4-B1E3-6E23F3CA4958}.Release|x64.ActiveCfg = Release|Any CPU
		{ADF7FC4C-B5DE-4CC4-B1E3-6E23F3CA4958}.Release|x86.ActiveCfg = Release|Any CPU
		{53D3A4D6-E455-4306-B523-B37E6A9C3F9A}.Debug|Any CPU.ActiveCfg = Debug|Any CPU
		{53D3A4D6-E455-4306-B523-B37E6A9C3F9A}.Debug|Any CPU.Build.0 = Debug|Any CPU
		{53D3A4D6-E455-4306-B523-B37E6A9C3F9A}.Debug|ARM.ActiveCfg = Debug|Any CPU
		{53D3A4D6-E455-4306-B523-B37E6A9C3F9A}.Debug|x64.ActiveCfg = Debug|Any CPU
		{53D3A4D6-E455-4306-B523-B37E6A9C3F9A}.Debug|x86.ActiveCfg = Debug|Any CPU
		{53D3A4D6-E455-4306-B523-B37E6A9C3F9A}.Release|Any CPU.ActiveCfg = Release|Any CPU
		{53D3A4D6-E455-4306-B523-B37E6A9C3F9A}.Release|Any CPU.Build.0 = Release|Any CPU
		{53D3A4D6-E455-4306-B523-B37E6A9C3F9A}.Release|ARM.ActiveCfg = Release|Any CPU
		{53D3A4D6-E455-4306-B523-B37E6A9C3F9A}.Release|x64.ActiveCfg = Release|Any CPU
		{53D3A4D6-E455-4306-B523-B37E6A9C3F9A}.Release|x86.ActiveCfg = Release|Any CPU
		{1F8DFA9D-E4C7-445F-AA83-68243B499282}.Debug|Any CPU.ActiveCfg = Debug|Any CPU
		{1F8DFA9D-E4C7-445F-AA83-68243B499282}.Debug|Any CPU.Build.0 = Debug|Any CPU
		{1F8DFA9D-E4C7-445F-AA83-68243B499282}.Debug|ARM.ActiveCfg = Debug|Any CPU
		{1F8DFA9D-E4C7-445F-AA83-68243B499282}.Debug|x64.ActiveCfg = Debug|Any CPU
		{1F8DFA9D-E4C7-445F-AA83-68243B499282}.Debug|x86.ActiveCfg = Debug|Any CPU
		{1F8DFA9D-E4C7-445F-AA83-68243B499282}.Release|Any CPU.ActiveCfg = Release|Any CPU
		{1F8DFA9D-E4C7-445F-AA83-68243B499282}.Release|Any CPU.Build.0 = Release|Any CPU
		{1F8DFA9D-E4C7-445F-AA83-68243B499282}.Release|ARM.ActiveCfg = Release|Any CPU
		{1F8DFA9D-E4C7-445F-AA83-68243B499282}.Release|x64.ActiveCfg = Release|Any CPU
		{1F8DFA9D-E4C7-445F-AA83-68243B499282}.Release|x86.ActiveCfg = Release|Any CPU
		{E058C1E6-9841-46AE-8C71-06B64B047077}.Debug|Any CPU.ActiveCfg = Debug|Any CPU
		{E058C1E6-9841-46AE-8C71-06B64B047077}.Debug|Any CPU.Build.0 = Debug|Any CPU
		{E058C1E6-9841-46AE-8C71-06B64B047077}.Debug|ARM.ActiveCfg = Debug|Any CPU
		{E058C1E6-9841-46AE-8C71-06B64B047077}.Debug|x64.ActiveCfg = Debug|Any CPU
		{E058C1E6-9841-46AE-8C71-06B64B047077}.Debug|x86.ActiveCfg = Debug|Any CPU
		{E058C1E6-9841-46AE-8C71-06B64B047077}.Release|Any CPU.ActiveCfg = Release|Any CPU
		{E058C1E6-9841-46AE-8C71-06B64B047077}.Release|Any CPU.Build.0 = Release|Any CPU
		{E058C1E6-9841-46AE-8C71-06B64B047077}.Release|ARM.ActiveCfg = Release|Any CPU
		{E058C1E6-9841-46AE-8C71-06B64B047077}.Release|x64.ActiveCfg = Release|Any CPU
		{E058C1E6-9841-46AE-8C71-06B64B047077}.Release|x86.ActiveCfg = Release|Any CPU
		{7711FF70-E96E-471A-8732-9DB2A5562FFA}.Debug|Any CPU.ActiveCfg = Debug|Any CPU
		{7711FF70-E96E-471A-8732-9DB2A5562FFA}.Debug|Any CPU.Build.0 = Debug|Any CPU
		{7711FF70-E96E-471A-8732-9DB2A5562FFA}.Debug|ARM.ActiveCfg = Debug|Any CPU
		{7711FF70-E96E-471A-8732-9DB2A5562FFA}.Debug|x64.ActiveCfg = Debug|Any CPU
		{7711FF70-E96E-471A-8732-9DB2A5562FFA}.Debug|x86.ActiveCfg = Debug|Any CPU
		{7711FF70-E96E-471A-8732-9DB2A5562FFA}.Release|Any CPU.ActiveCfg = Release|Any CPU
		{7711FF70-E96E-471A-8732-9DB2A5562FFA}.Release|Any CPU.Build.0 = Release|Any CPU
		{7711FF70-E96E-471A-8732-9DB2A5562FFA}.Release|ARM.ActiveCfg = Release|Any CPU
		{7711FF70-E96E-471A-8732-9DB2A5562FFA}.Release|x64.ActiveCfg = Release|Any CPU
		{7711FF70-E96E-471A-8732-9DB2A5562FFA}.Release|x86.ActiveCfg = Release|Any CPU
		{CE18B628-FB68-436A-A554-8EF589A4D9F8}.Debug|Any CPU.ActiveCfg = Debug|Any CPU
		{CE18B628-FB68-436A-A554-8EF589A4D9F8}.Debug|Any CPU.Build.0 = Debug|Any CPU
		{CE18B628-FB68-436A-A554-8EF589A4D9F8}.Debug|ARM.ActiveCfg = Debug|Any CPU
		{CE18B628-FB68-436A-A554-8EF589A4D9F8}.Debug|x64.ActiveCfg = Debug|Any CPU
		{CE18B628-FB68-436A-A554-8EF589A4D9F8}.Debug|x86.ActiveCfg = Debug|Any CPU
		{CE18B628-FB68-436A-A554-8EF589A4D9F8}.Release|Any CPU.ActiveCfg = Release|Any CPU
		{CE18B628-FB68-436A-A554-8EF589A4D9F8}.Release|Any CPU.Build.0 = Release|Any CPU
		{CE18B628-FB68-436A-A554-8EF589A4D9F8}.Release|ARM.ActiveCfg = Release|Any CPU
		{CE18B628-FB68-436A-A554-8EF589A4D9F8}.Release|x64.ActiveCfg = Release|Any CPU
		{CE18B628-FB68-436A-A554-8EF589A4D9F8}.Release|x86.ActiveCfg = Release|Any CPU
		{695FDCC5-061F-4F6D-A409-69B2D52C3954}.Debug|Any CPU.ActiveCfg = Debug|Any CPU
		{695FDCC5-061F-4F6D-A409-69B2D52C3954}.Debug|Any CPU.Build.0 = Debug|Any CPU
		{695FDCC5-061F-4F6D-A409-69B2D52C3954}.Debug|ARM.ActiveCfg = Debug|Any CPU
		{695FDCC5-061F-4F6D-A409-69B2D52C3954}.Debug|x64.ActiveCfg = Debug|Any CPU
		{695FDCC5-061F-4F6D-A409-69B2D52C3954}.Debug|x86.ActiveCfg = Debug|Any CPU
		{695FDCC5-061F-4F6D-A409-69B2D52C3954}.Release|Any CPU.ActiveCfg = Release|Any CPU
		{695FDCC5-061F-4F6D-A409-69B2D52C3954}.Release|Any CPU.Build.0 = Release|Any CPU
		{695FDCC5-061F-4F6D-A409-69B2D52C3954}.Release|ARM.ActiveCfg = Release|Any CPU
		{695FDCC5-061F-4F6D-A409-69B2D52C3954}.Release|x64.ActiveCfg = Release|Any CPU
		{695FDCC5-061F-4F6D-A409-69B2D52C3954}.Release|x86.ActiveCfg = Release|Any CPU
		{0A6C09B6-8C23-4D00-BE01-54B4FBC3EA10}.Debug|Any CPU.ActiveCfg = Debug|Any CPU
		{0A6C09B6-8C23-4D00-BE01-54B4FBC3EA10}.Debug|Any CPU.Build.0 = Debug|Any CPU
		{0A6C09B6-8C23-4D00-BE01-54B4FBC3EA10}.Debug|ARM.ActiveCfg = Debug|Any CPU
		{0A6C09B6-8C23-4D00-BE01-54B4FBC3EA10}.Debug|x64.ActiveCfg = Debug|Any CPU
		{0A6C09B6-8C23-4D00-BE01-54B4FBC3EA10}.Debug|x86.ActiveCfg = Debug|Any CPU
		{0A6C09B6-8C23-4D00-BE01-54B4FBC3EA10}.Release|Any CPU.ActiveCfg = Release|Any CPU
		{0A6C09B6-8C23-4D00-BE01-54B4FBC3EA10}.Release|Any CPU.Build.0 = Release|Any CPU
		{0A6C09B6-8C23-4D00-BE01-54B4FBC3EA10}.Release|ARM.ActiveCfg = Release|Any CPU
		{0A6C09B6-8C23-4D00-BE01-54B4FBC3EA10}.Release|x64.ActiveCfg = Release|Any CPU
		{0A6C09B6-8C23-4D00-BE01-54B4FBC3EA10}.Release|x86.ActiveCfg = Release|Any CPU
		{7EAA885C-42F7-4395-AADE-EDDEAECD547C}.Debug|Any CPU.ActiveCfg = Debug|Any CPU
		{7EAA885C-42F7-4395-AADE-EDDEAECD547C}.Debug|Any CPU.Build.0 = Debug|Any CPU
		{7EAA885C-42F7-4395-AADE-EDDEAECD547C}.Debug|ARM.ActiveCfg = Debug|Any CPU
		{7EAA885C-42F7-4395-AADE-EDDEAECD547C}.Debug|x64.ActiveCfg = Debug|Any CPU
		{7EAA885C-42F7-4395-AADE-EDDEAECD547C}.Debug|x86.ActiveCfg = Debug|Any CPU
		{7EAA885C-42F7-4395-AADE-EDDEAECD547C}.Release|Any CPU.ActiveCfg = Release|Any CPU
		{7EAA885C-42F7-4395-AADE-EDDEAECD547C}.Release|Any CPU.Build.0 = Release|Any CPU
		{7EAA885C-42F7-4395-AADE-EDDEAECD547C}.Release|ARM.ActiveCfg = Release|Any CPU
		{7EAA885C-42F7-4395-AADE-EDDEAECD547C}.Release|x64.ActiveCfg = Release|Any CPU
		{7EAA885C-42F7-4395-AADE-EDDEAECD547C}.Release|x86.ActiveCfg = Release|Any CPU
		{6620481C-9D8B-437D-8303-49D2E3F90536}.Debug|Any CPU.ActiveCfg = Debug|Any CPU
		{6620481C-9D8B-437D-8303-49D2E3F90536}.Debug|Any CPU.Build.0 = Debug|Any CPU
		{6620481C-9D8B-437D-8303-49D2E3F90536}.Debug|ARM.ActiveCfg = Debug|Any CPU
		{6620481C-9D8B-437D-8303-49D2E3F90536}.Debug|x64.ActiveCfg = Debug|Any CPU
		{6620481C-9D8B-437D-8303-49D2E3F90536}.Debug|x86.ActiveCfg = Debug|Any CPU
		{6620481C-9D8B-437D-8303-49D2E3F90536}.Release|Any CPU.ActiveCfg = Release|Any CPU
		{6620481C-9D8B-437D-8303-49D2E3F90536}.Release|Any CPU.Build.0 = Release|Any CPU
		{6620481C-9D8B-437D-8303-49D2E3F90536}.Release|ARM.ActiveCfg = Release|Any CPU
		{6620481C-9D8B-437D-8303-49D2E3F90536}.Release|x64.ActiveCfg = Release|Any CPU
		{6620481C-9D8B-437D-8303-49D2E3F90536}.Release|x86.ActiveCfg = Release|Any CPU
		{924F364E-7D0D-4E21-A463-5CEEE3BCF717}.Debug|Any CPU.ActiveCfg = Debug|Any CPU
		{924F364E-7D0D-4E21-A463-5CEEE3BCF717}.Debug|Any CPU.Build.0 = Debug|Any CPU
		{924F364E-7D0D-4E21-A463-5CEEE3BCF717}.Debug|ARM.ActiveCfg = Debug|Any CPU
		{924F364E-7D0D-4E21-A463-5CEEE3BCF717}.Debug|x64.ActiveCfg = Debug|Any CPU
		{924F364E-7D0D-4E21-A463-5CEEE3BCF717}.Debug|x86.ActiveCfg = Debug|Any CPU
		{924F364E-7D0D-4E21-A463-5CEEE3BCF717}.Release|Any CPU.ActiveCfg = Release|Any CPU
		{924F364E-7D0D-4E21-A463-5CEEE3BCF717}.Release|Any CPU.Build.0 = Release|Any CPU
		{924F364E-7D0D-4E21-A463-5CEEE3BCF717}.Release|ARM.ActiveCfg = Release|Any CPU
		{924F364E-7D0D-4E21-A463-5CEEE3BCF717}.Release|x64.ActiveCfg = Release|Any CPU
		{924F364E-7D0D-4E21-A463-5CEEE3BCF717}.Release|x86.ActiveCfg = Release|Any CPU
		{3BBCDBDE-EDBD-4416-A565-38976D7711F0}.Debug|Any CPU.ActiveCfg = Debug|Any CPU
		{3BBCDBDE-EDBD-4416-A565-38976D7711F0}.Debug|Any CPU.Build.0 = Debug|Any CPU
		{3BBCDBDE-EDBD-4416-A565-38976D7711F0}.Debug|ARM.ActiveCfg = Debug|Any CPU
		{3BBCDBDE-EDBD-4416-A565-38976D7711F0}.Debug|x64.ActiveCfg = Debug|Any CPU
		{3BBCDBDE-EDBD-4416-A565-38976D7711F0}.Debug|x86.ActiveCfg = Debug|Any CPU
		{3BBCDBDE-EDBD-4416-A565-38976D7711F0}.Release|Any CPU.ActiveCfg = Release|Any CPU
		{3BBCDBDE-EDBD-4416-A565-38976D7711F0}.Release|Any CPU.Build.0 = Release|Any CPU
		{3BBCDBDE-EDBD-4416-A565-38976D7711F0}.Release|ARM.ActiveCfg = Release|Any CPU
		{3BBCDBDE-EDBD-4416-A565-38976D7711F0}.Release|x64.ActiveCfg = Release|Any CPU
		{3BBCDBDE-EDBD-4416-A565-38976D7711F0}.Release|x86.ActiveCfg = Release|Any CPU
		{DD015887-9204-46A3-82F7-03B24DCCA2D2}.Debug|Any CPU.ActiveCfg = Debug|Any CPU
		{DD015887-9204-46A3-82F7-03B24DCCA2D2}.Debug|Any CPU.Build.0 = Debug|Any CPU
		{DD015887-9204-46A3-82F7-03B24DCCA2D2}.Debug|ARM.ActiveCfg = Debug|Any CPU
		{DD015887-9204-46A3-82F7-03B24DCCA2D2}.Debug|x64.ActiveCfg = Debug|Any CPU
		{DD015887-9204-46A3-82F7-03B24DCCA2D2}.Debug|x86.ActiveCfg = Debug|Any CPU
		{DD015887-9204-46A3-82F7-03B24DCCA2D2}.Release|Any CPU.ActiveCfg = Release|Any CPU
		{DD015887-9204-46A3-82F7-03B24DCCA2D2}.Release|Any CPU.Build.0 = Release|Any CPU
		{DD015887-9204-46A3-82F7-03B24DCCA2D2}.Release|ARM.ActiveCfg = Release|Any CPU
		{DD015887-9204-46A3-82F7-03B24DCCA2D2}.Release|x64.ActiveCfg = Release|Any CPU
		{DD015887-9204-46A3-82F7-03B24DCCA2D2}.Release|x86.ActiveCfg = Release|Any CPU
		{06BEFC22-688E-4F10-A00B-09477098B189}.Debug|Any CPU.ActiveCfg = Debug|Any CPU
		{06BEFC22-688E-4F10-A00B-09477098B189}.Debug|Any CPU.Build.0 = Debug|Any CPU
		{06BEFC22-688E-4F10-A00B-09477098B189}.Debug|ARM.ActiveCfg = Debug|Any CPU
		{06BEFC22-688E-4F10-A00B-09477098B189}.Debug|x64.ActiveCfg = Debug|Any CPU
		{06BEFC22-688E-4F10-A00B-09477098B189}.Debug|x86.ActiveCfg = Debug|Any CPU
		{06BEFC22-688E-4F10-A00B-09477098B189}.Release|Any CPU.ActiveCfg = Release|Any CPU
		{06BEFC22-688E-4F10-A00B-09477098B189}.Release|Any CPU.Build.0 = Release|Any CPU
		{06BEFC22-688E-4F10-A00B-09477098B189}.Release|ARM.ActiveCfg = Release|Any CPU
		{06BEFC22-688E-4F10-A00B-09477098B189}.Release|x64.ActiveCfg = Release|Any CPU
		{06BEFC22-688E-4F10-A00B-09477098B189}.Release|x86.ActiveCfg = Release|Any CPU
		{04445697-A9E6-4E14-910F-0113AF93F58B}.Debug|Any CPU.ActiveCfg = Debug|Any CPU
		{04445697-A9E6-4E14-910F-0113AF93F58B}.Debug|Any CPU.Build.0 = Debug|Any CPU
		{04445697-A9E6-4E14-910F-0113AF93F58B}.Debug|ARM.ActiveCfg = Debug|Any CPU
		{04445697-A9E6-4E14-910F-0113AF93F58B}.Debug|x64.ActiveCfg = Debug|Any CPU
		{04445697-A9E6-4E14-910F-0113AF93F58B}.Debug|x86.ActiveCfg = Debug|Any CPU
		{04445697-A9E6-4E14-910F-0113AF93F58B}.Release|Any CPU.ActiveCfg = Release|Any CPU
		{04445697-A9E6-4E14-910F-0113AF93F58B}.Release|Any CPU.Build.0 = Release|Any CPU
		{04445697-A9E6-4E14-910F-0113AF93F58B}.Release|ARM.ActiveCfg = Release|Any CPU
		{04445697-A9E6-4E14-910F-0113AF93F58B}.Release|x64.ActiveCfg = Release|Any CPU
		{04445697-A9E6-4E14-910F-0113AF93F58B}.Release|x86.ActiveCfg = Release|Any CPU
		{DC0BE335-7AB4-493A-A457-4F66A47C80E9}.Debug|Any CPU.ActiveCfg = Debug|Any CPU
		{DC0BE335-7AB4-493A-A457-4F66A47C80E9}.Debug|Any CPU.Build.0 = Debug|Any CPU
		{DC0BE335-7AB4-493A-A457-4F66A47C80E9}.Debug|ARM.ActiveCfg = Debug|Any CPU
		{DC0BE335-7AB4-493A-A457-4F66A47C80E9}.Debug|x64.ActiveCfg = Debug|Any CPU
		{DC0BE335-7AB4-493A-A457-4F66A47C80E9}.Debug|x86.ActiveCfg = Debug|Any CPU
		{DC0BE335-7AB4-493A-A457-4F66A47C80E9}.Release|Any CPU.ActiveCfg = Release|Any CPU
		{DC0BE335-7AB4-493A-A457-4F66A47C80E9}.Release|Any CPU.Build.0 = Release|Any CPU
		{DC0BE335-7AB4-493A-A457-4F66A47C80E9}.Release|ARM.ActiveCfg = Release|Any CPU
		{DC0BE335-7AB4-493A-A457-4F66A47C80E9}.Release|x64.ActiveCfg = Release|Any CPU
		{DC0BE335-7AB4-493A-A457-4F66A47C80E9}.Release|x86.ActiveCfg = Release|Any CPU
	EndGlobalSection
	GlobalSection(SolutionProperties) = preSolution
		HideSolutionNode = FALSE
	EndGlobalSection
	GlobalSection(NestedProjects) = preSolution
		{CE2C5F83-245B-48EE-9D36-0E7656A0ADDE} = {8B148449-8840-4A9E-AE1C-609CEAAFA362}
		{030972FE-62AD-44DE-87A0-9EB3130C1B62} = {1BF1DC54-EB2E-4EBA-B170-045005A16D20}
		{D3B362D4-2470-4F61-B94C-70B5360E3B5C} = {1BF1DC54-EB2E-4EBA-B170-045005A16D20}
		{D70C3BD9-EE22-49BA-BCE8-484629A141A8} = {1BF1DC54-EB2E-4EBA-B170-045005A16D20}
		{A0FC5707-246C-4C0C-AC91-12EAC8E5A13D} = {C9EE537D-CA00-4994-9125-3DA5E3EDCDBB}
		{DE5FF28C-F333-40C5-8CAF-89BA4CE92A77} = {C9EE537D-CA00-4994-9125-3DA5E3EDCDBB}
		{DA462A77-FED3-41D5-BEF0-D61977B6C8F9} = {C9EE537D-CA00-4994-9125-3DA5E3EDCDBB}
		{D1DFE570-EB7A-49A7-9E22-167B5BCD0207} = {C9EE537D-CA00-4994-9125-3DA5E3EDCDBB}
		{71A253CF-CF7E-4EB7-8FA6-4563412FEFFB} = {C9EE537D-CA00-4994-9125-3DA5E3EDCDBB}
		{A9250489-9927-48F7-96C2-6E75A4DF1C3A} = {B6161A8F-65A9-4F73-8901-E84962FA7F95}
		{14DAC40F-7E11-4087-B3EE-82CE512CFE72} = {B6161A8F-65A9-4F73-8901-E84962FA7F95}
		{ABDB4013-A743-4560-8D84-3FD7F930087E} = {B6161A8F-65A9-4F73-8901-E84962FA7F95}
		{7E4C2FA7-7E57-4904-9E1D-3A206D722119} = {FB23AF93-72E9-4BD8-95AA-97B27F329264}
		{38C94C9F-8E56-4CF9-8A5D-65DCCAB2F2A6} = {FB23AF93-72E9-4BD8-95AA-97B27F329264}
		{0E6EC435-9456-4BF7-8511-8CB93DD9E91F} = {1BE7402D-EE81-4852-A90C-463895B12793}
		{140018D6-AC4B-48FD-9D41-AF889BA770EF} = {4520939D-0A93-4DED-9B3A-C18BA8B24052}
		{1C1D1E07-F7B4-4578-ADAC-D893D3F89D73} = {B5A4A940-CEE2-48B8-B8D9-94DEBF3BB7E6}
		{257FA1A9-6EFE-44F5-94B3-7AE89B242885} = {B5A4A940-CEE2-48B8-B8D9-94DEBF3BB7E6}
		{ADF7FC4C-B5DE-4CC4-B1E3-6E23F3CA4958} = {B5A4A940-CEE2-48B8-B8D9-94DEBF3BB7E6}
		{53D3A4D6-E455-4306-B523-B37E6A9C3F9A} = {752B9A3B-86B6-4FC5-995D-02FA4848AB60}
		{1F8DFA9D-E4C7-445F-AA83-68243B499282} = {752B9A3B-86B6-4FC5-995D-02FA4848AB60}
		{E058C1E6-9841-46AE-8C71-06B64B047077} = {B8ECD085-2305-41FC-8A88-DC794F23E97A}
		{7711FF70-E96E-471A-8732-9DB2A5562FFA} = {B8ECD085-2305-41FC-8A88-DC794F23E97A}
		{CE18B628-FB68-436A-A554-8EF589A4D9F8} = {C3DE0FEB-8B41-45D3-B442-E6F8CD388EF1}
		{695FDCC5-061F-4F6D-A409-69B2D52C3954} = {DBEA3261-2498-4781-AC55-A0836D12CE53}
		{0A6C09B6-8C23-4D00-BE01-54B4FBC3EA10} = {DBEA3261-2498-4781-AC55-A0836D12CE53}
		{7EAA885C-42F7-4395-AADE-EDDEAECD547C} = {DBEA3261-2498-4781-AC55-A0836D12CE53}
		{6620481C-9D8B-437D-8303-49D2E3F90536} = {7477C9A3-66EC-4555-A464-833852DB3F51}
		{924F364E-7D0D-4E21-A463-5CEEE3BCF717} = {7477C9A3-66EC-4555-A464-833852DB3F51}
		{3BBCDBDE-EDBD-4416-A565-38976D7711F0} = {14A72B29-D75F-4144-8FB0-1852DFAEB17B}
		{DD015887-9204-46A3-82F7-03B24DCCA2D2} = {14A72B29-D75F-4144-8FB0-1852DFAEB17B}
		{06BEFC22-688E-4F10-A00B-09477098B189} = {14A72B29-D75F-4144-8FB0-1852DFAEB17B}
		{04445697-A9E6-4E14-910F-0113AF93F58B} = {7AFD3D48-5232-4CFA-BFBC-ED235B081F82}
		{DC0BE335-7AB4-493A-A457-4F66A47C80E9} = {7AFD3D48-5232-4CFA-BFBC-ED235B081F82}
	EndGlobalSection
EndGlobal
