
Microsoft Visual Studio Solution File, Format Version 12.00
# Visual Studio 2013
VisualStudioVersion = 12.0.31101.0
MinimumVisualStudioVersion = 10.0.40219.1
Project("{FAE04EC0-301F-11D3-BF4B-00C04F79EFBC}") = "VsExample", "VsExample\VsExample.csproj", "{CE2C5F83-245B-48EE-9D36-0E7656A0ADDE}"
EndProject
Project("{2150E333-8FDC-42A3-9474-1A3956D46DE8}") = "Chapter2", "Chapter2", "{8B148449-8840-4A9E-AE1C-609CEAAFA362}"
EndProject
Project("{2150E333-8FDC-42A3-9474-1A3956D46DE8}") = "Chapter3", "Chapter3", "{1BF1DC54-EB2E-4EBA-B170-045005A16D20}"
EndProject
Project("{FAE04EC0-301F-11D3-BF4B-00C04F79EFBC}") = "DataTypeUse", "DataTypeUse\DataTypeUse.csproj", "{030972FE-62AD-44DE-87A0-9EB3130C1B62}"
EndProject
Project("{FAE04EC0-301F-11D3-BF4B-00C04F79EFBC}") = "DecisionConstruct", "DecisionConstruct\DecisionConstruct.csproj", "{D3B362D4-2470-4F61-B94C-70B5360E3B5C}"
EndProject
Project("{FAE04EC0-301F-11D3-BF4B-00C04F79EFBC}") = "CommandLineArguments", "CommandLineArguments\CommandLineArguments.csproj", "{D70C3BD9-EE22-49BA-BCE8-484629A141A8}"
EndProject
Project("{2150E333-8FDC-42A3-9474-1A3956D46DE8}") = "Chapter4", "Chapter4", "{C9EE537D-CA00-4994-9125-3DA5E3EDCDBB}"
EndProject
Project("{FAE04EC0-301F-11D3-BF4B-00C04F79EFBC}") = "Methods andParameterModifiers", "Methods andParameterModifiers\Methods andParameterModifiers.csproj", "{A0FC5707-246C-4C0C-AC91-12EAC8E5A13D}"
EndProject
Project("{FAE04EC0-301F-11D3-BF4B-00C04F79EFBC}") = "Overloading", "Overloading\Overloading.csproj", "{DE5FF28C-F333-40C5-8CAF-89BA4CE92A77}"
EndProject
Project("{FAE04EC0-301F-11D3-BF4B-00C04F79EFBC}") = "Arrays", "Arrays\Arrays.csproj", "{DA462A77-FED3-41D5-BEF0-D61977B6C8F9}"
EndProject
Project("{FAE04EC0-301F-11D3-BF4B-00C04F79EFBC}") = "EnumExamples", "EnumExamples\EnumExamples.csproj", "{D1DFE570-EB7A-49A7-9E22-167B5BCD0207}"
EndProject
Project("{FAE04EC0-301F-11D3-BF4B-00C04F79EFBC}") = "StructExamples", "StructExamples\StructExamples.csproj", "{71A253CF-CF7E-4EB7-8FA6-4563412FEFFB}"
EndProject
Project("{2150E333-8FDC-42A3-9474-1A3956D46DE8}") = "Chapter5", "Chapter5", "{B6161A8F-65A9-4F73-8901-E84962FA7F95}"
EndProject
Project("{FAE04EC0-301F-11D3-BF4B-00C04F79EFBC}") = "CustomConstructor", "CustomConstructor\CustomConstructor.csproj", "{A9250489-9927-48F7-96C2-6E75A4DF1C3A}"
EndProject
Project("{FAE04EC0-301F-11D3-BF4B-00C04F79EFBC}") = "StaticExample", "StaticExample\StaticExample.csproj", "{14DAC40F-7E11-4087-B3EE-82CE512CFE72}"
EndProject
Project("{FAE04EC0-301F-11D3-BF4B-00C04F79EFBC}") = "Encapsulation", "Encapsulation\Encapsulation.csproj", "{ABDB4013-A743-4560-8D84-3FD7F930087E}"
EndProject
Project("{2150E333-8FDC-42A3-9474-1A3956D46DE8}") = "Chapter6", "Chapter6", "{FB23AF93-72E9-4BD8-95AA-97B27F329264}"
EndProject
Project("{FAE04EC0-301F-11D3-BF4B-00C04F79EFBC}") = "Inheritance", "Inheritance\Inheritance.csproj", "{7E4C2FA7-7E57-4904-9E1D-3A206D722119}"
EndProject
Project("{FAE04EC0-301F-11D3-BF4B-00C04F79EFBC}") = "InheritanceDetails", "InheritanceDetails\InheritanceDetails.csproj", "{38C94C9F-8E56-4CF9-8A5D-65DCCAB2F2A6}"
EndProject
Global
	GlobalSection(SolutionConfigurationPlatforms) = preSolution
		Debug|Any CPU = Debug|Any CPU
		Debug|ARM = Debug|ARM
		Debug|x64 = Debug|x64
		Debug|x86 = Debug|x86
		Release|Any CPU = Release|Any CPU
		Release|ARM = Release|ARM
		Release|x64 = Release|x64
		Release|x86 = Release|x86
	EndGlobalSection
	GlobalSection(ProjectConfigurationPlatforms) = postSolution
		{CE2C5F83-245B-48EE-9D36-0E7656A0ADDE}.Debug|Any CPU.ActiveCfg = Debug|Any CPU
		{CE2C5F83-245B-48EE-9D36-0E7656A0ADDE}.Debug|Any CPU.Build.0 = Debug|Any CPU
		{CE2C5F83-245B-48EE-9D36-0E7656A0ADDE}.Debug|ARM.ActiveCfg = Debug|Any CPU
		{CE2C5F83-245B-48EE-9D36-0E7656A0ADDE}.Debug|x64.ActiveCfg = Debug|Any CPU
		{CE2C5F83-245B-48EE-9D36-0E7656A0ADDE}.Debug|x86.ActiveCfg = Debug|Any CPU
		{CE2C5F83-245B-48EE-9D36-0E7656A0ADDE}.Release|Any CPU.ActiveCfg = Release|Any CPU
		{CE2C5F83-245B-48EE-9D36-0E7656A0ADDE}.Release|Any CPU.Build.0 = Release|Any CPU
		{CE2C5F83-245B-48EE-9D36-0E7656A0ADDE}.Release|ARM.ActiveCfg = Release|Any CPU
		{CE2C5F83-245B-48EE-9D36-0E7656A0ADDE}.Release|x64.ActiveCfg = Release|Any CPU
		{CE2C5F83-245B-48EE-9D36-0E7656A0ADDE}.Release|x86.ActiveCfg = Release|Any CPU
		{030972FE-62AD-44DE-87A0-9EB3130C1B62}.Debug|Any CPU.ActiveCfg = Debug|Any CPU
		{030972FE-62AD-44DE-87A0-9EB3130C1B62}.Debug|Any CPU.Build.0 = Debug|Any CPU
		{030972FE-62AD-44DE-87A0-9EB3130C1B62}.Debug|ARM.ActiveCfg = Debug|Any CPU
		{030972FE-62AD-44DE-87A0-9EB3130C1B62}.Debug|x64.ActiveCfg = Debug|Any CPU
		{030972FE-62AD-44DE-87A0-9EB3130C1B62}.Debug|x86.ActiveCfg = Debug|Any CPU
		{030972FE-62AD-44DE-87A0-9EB3130C1B62}.Release|Any CPU.ActiveCfg = Release|Any CPU
		{030972FE-62AD-44DE-87A0-9EB3130C1B62}.Release|Any CPU.Build.0 = Release|Any CPU
		{030972FE-62AD-44DE-87A0-9EB3130C1B62}.Release|ARM.ActiveCfg = Release|Any CPU
		{030972FE-62AD-44DE-87A0-9EB3130C1B62}.Release|x64.ActiveCfg = Release|Any CPU
		{030972FE-62AD-44DE-87A0-9EB3130C1B62}.Release|x86.ActiveCfg = Release|Any CPU
		{D3B362D4-2470-4F61-B94C-70B5360E3B5C}.Debug|Any CPU.ActiveCfg = Debug|Any CPU
		{D3B362D4-2470-4F61-B94C-70B5360E3B5C}.Debug|Any CPU.Build.0 = Debug|Any CPU
		{D3B362D4-2470-4F61-B94C-70B5360E3B5C}.Debug|ARM.ActiveCfg = Debug|Any CPU
		{D3B362D4-2470-4F61-B94C-70B5360E3B5C}.Debug|x64.ActiveCfg = Debug|Any CPU
		{D3B362D4-2470-4F61-B94C-70B5360E3B5C}.Debug|x86.ActiveCfg = Debug|Any CPU
		{D3B362D4-2470-4F61-B94C-70B5360E3B5C}.Release|Any CPU.ActiveCfg = Release|Any CPU
		{D3B362D4-2470-4F61-B94C-70B5360E3B5C}.Release|Any CPU.Build.0 = Release|Any CPU
		{D3B362D4-2470-4F61-B94C-70B5360E3B5C}.Release|ARM.ActiveCfg = Release|Any CPU
		{D3B362D4-2470-4F61-B94C-70B5360E3B5C}.Release|x64.ActiveCfg = Release|Any CPU
		{D3B362D4-2470-4F61-B94C-70B5360E3B5C}.Release|x86.ActiveCfg = Release|Any CPU
		{D70C3BD9-EE22-49BA-BCE8-484629A141A8}.Debug|Any CPU.ActiveCfg = Debug|Any CPU
		{D70C3BD9-EE22-49BA-BCE8-484629A141A8}.Debug|Any CPU.Build.0 = Debug|Any CPU
		{D70C3BD9-EE22-49BA-BCE8-484629A141A8}.Debug|ARM.ActiveCfg = Debug|Any CPU
		{D70C3BD9-EE22-49BA-BCE8-484629A141A8}.Debug|x64.ActiveCfg = Debug|Any CPU
		{D70C3BD9-EE22-49BA-BCE8-484629A141A8}.Debug|x86.ActiveCfg = Debug|Any CPU
		{D70C3BD9-EE22-49BA-BCE8-484629A141A8}.Release|Any CPU.ActiveCfg = Release|Any CPU
		{D70C3BD9-EE22-49BA-BCE8-484629A141A8}.Release|Any CPU.Build.0 = Release|Any CPU
		{D70C3BD9-EE22-49BA-BCE8-484629A141A8}.Release|ARM.ActiveCfg = Release|Any CPU
		{D70C3BD9-EE22-49BA-BCE8-484629A141A8}.Release|x64.ActiveCfg = Release|Any CPU
		{D70C3BD9-EE22-49BA-BCE8-484629A141A8}.Release|x86.ActiveCfg = Release|Any CPU
		{A0FC5707-246C-4C0C-AC91-12EAC8E5A13D}.Debug|Any CPU.ActiveCfg = Debug|Any CPU
		{A0FC5707-246C-4C0C-AC91-12EAC8E5A13D}.Debug|Any CPU.Build.0 = Debug|Any CPU
		{A0FC5707-246C-4C0C-AC91-12EAC8E5A13D}.Debug|ARM.ActiveCfg = Debug|Any CPU
		{A0FC5707-246C-4C0C-AC91-12EAC8E5A13D}.Debug|x64.ActiveCfg = Debug|Any CPU
		{A0FC5707-246C-4C0C-AC91-12EAC8E5A13D}.Debug|x86.ActiveCfg = Debug|Any CPU
		{A0FC5707-246C-4C0C-AC91-12EAC8E5A13D}.Release|Any CPU.ActiveCfg = Release|Any CPU
		{A0FC5707-246C-4C0C-AC91-12EAC8E5A13D}.Release|Any CPU.Build.0 = Release|Any CPU
		{A0FC5707-246C-4C0C-AC91-12EAC8E5A13D}.Release|ARM.ActiveCfg = Release|Any CPU
		{A0FC5707-246C-4C0C-AC91-12EAC8E5A13D}.Release|x64.ActiveCfg = Release|Any CPU
		{A0FC5707-246C-4C0C-AC91-12EAC8E5A13D}.Release|x86.ActiveCfg = Release|Any CPU
		{DE5FF28C-F333-40C5-8CAF-89BA4CE92A77}.Debug|Any CPU.ActiveCfg = Debug|Any CPU
		{DE5FF28C-F333-40C5-8CAF-89BA4CE92A77}.Debug|Any CPU.Build.0 = Debug|Any CPU
		{DE5FF28C-F333-40C5-8CAF-89BA4CE92A77}.Debug|ARM.ActiveCfg = Debug|Any CPU
		{DE5FF28C-F333-40C5-8CAF-89BA4CE92A77}.Debug|x64.ActiveCfg = Debug|Any CPU
		{DE5FF28C-F333-40C5-8CAF-89BA4CE92A77}.Debug|x86.ActiveCfg = Debug|Any CPU
		{DE5FF28C-F333-40C5-8CAF-89BA4CE92A77}.Release|Any CPU.ActiveCfg = Release|Any CPU
		{DE5FF28C-F333-40C5-8CAF-89BA4CE92A77}.Release|Any CPU.Build.0 = Release|Any CPU
		{DE5FF28C-F333-40C5-8CAF-89BA4CE92A77}.Release|ARM.ActiveCfg = Release|Any CPU
		{DE5FF28C-F333-40C5-8CAF-89BA4CE92A77}.Release|x64.ActiveCfg = Release|Any CPU
		{DE5FF28C-F333-40C5-8CAF-89BA4CE92A77}.Release|x86.ActiveCfg = Release|Any CPU
		{DA462A77-FED3-41D5-BEF0-D61977B6C8F9}.Debug|Any CPU.ActiveCfg = Debug|Any CPU
		{DA462A77-FED3-41D5-BEF0-D61977B6C8F9}.Debug|Any CPU.Build.0 = Debug|Any CPU
		{DA462A77-FED3-41D5-BEF0-D61977B6C8F9}.Debug|ARM.ActiveCfg = Debug|Any CPU
		{DA462A77-FED3-41D5-BEF0-D61977B6C8F9}.Debug|x64.ActiveCfg = Debug|Any CPU
		{DA462A77-FED3-41D5-BEF0-D61977B6C8F9}.Debug|x86.ActiveCfg = Debug|Any CPU
		{DA462A77-FED3-41D5-BEF0-D61977B6C8F9}.Release|Any CPU.ActiveCfg = Release|Any CPU
		{DA462A77-FED3-41D5-BEF0-D61977B6C8F9}.Release|Any CPU.Build.0 = Release|Any CPU
		{DA462A77-FED3-41D5-BEF0-D61977B6C8F9}.Release|ARM.ActiveCfg = Release|Any CPU
		{DA462A77-FED3-41D5-BEF0-D61977B6C8F9}.Release|x64.ActiveCfg = Release|Any CPU
		{DA462A77-FED3-41D5-BEF0-D61977B6C8F9}.Release|x86.ActiveCfg = Release|Any CPU
		{D1DFE570-EB7A-49A7-9E22-167B5BCD0207}.Debug|Any CPU.ActiveCfg = Debug|Any CPU
		{D1DFE570-EB7A-49A7-9E22-167B5BCD0207}.Debug|Any CPU.Build.0 = Debug|Any CPU
		{D1DFE570-EB7A-49A7-9E22-167B5BCD0207}.Debug|ARM.ActiveCfg = Debug|Any CPU
		{D1DFE570-EB7A-49A7-9E22-167B5BCD0207}.Debug|x64.ActiveCfg = Debug|Any CPU
		{D1DFE570-EB7A-49A7-9E22-167B5BCD0207}.Debug|x86.ActiveCfg = Debug|Any CPU
		{D1DFE570-EB7A-49A7-9E22-167B5BCD0207}.Release|Any CPU.ActiveCfg = Release|Any CPU
		{D1DFE570-EB7A-49A7-9E22-167B5BCD0207}.Release|Any CPU.Build.0 = Release|Any CPU
		{D1DFE570-EB7A-49A7-9E22-167B5BCD0207}.Release|ARM.ActiveCfg = Release|Any CPU
		{D1DFE570-EB7A-49A7-9E22-167B5BCD0207}.Release|x64.ActiveCfg = Release|Any CPU
		{D1DFE570-EB7A-49A7-9E22-167B5BCD0207}.Release|x86.ActiveCfg = Release|Any CPU
		{71A253CF-CF7E-4EB7-8FA6-4563412FEFFB}.Debug|Any CPU.ActiveCfg = Debug|Any CPU
		{71A253CF-CF7E-4EB7-8FA6-4563412FEFFB}.Debug|Any CPU.Build.0 = Debug|Any CPU
		{71A253CF-CF7E-4EB7-8FA6-4563412FEFFB}.Debug|ARM.ActiveCfg = Debug|Any CPU
		{71A253CF-CF7E-4EB7-8FA6-4563412FEFFB}.Debug|x64.ActiveCfg = Debug|Any CPU
		{71A253CF-CF7E-4EB7-8FA6-4563412FEFFB}.Debug|x86.ActiveCfg = Debug|Any CPU
		{71A253CF-CF7E-4EB7-8FA6-4563412FEFFB}.Release|Any CPU.ActiveCfg = Release|Any CPU
		{71A253CF-CF7E-4EB7-8FA6-4563412FEFFB}.Release|Any CPU.Build.0 = Release|Any CPU
		{71A253CF-CF7E-4EB7-8FA6-4563412FEFFB}.Release|ARM.ActiveCfg = Release|Any CPU
		{71A253CF-CF7E-4EB7-8FA6-4563412FEFFB}.Release|x64.ActiveCfg = Release|Any CPU
		{71A253CF-CF7E-4EB7-8FA6-4563412FEFFB}.Release|x86.ActiveCfg = Release|Any CPU
		{A9250489-9927-48F7-96C2-6E75A4DF1C3A}.Debug|Any CPU.ActiveCfg = Debug|Any CPU
		{A9250489-9927-48F7-96C2-6E75A4DF1C3A}.Debug|Any CPU.Build.0 = Debug|Any CPU
		{A9250489-9927-48F7-96C2-6E75A4DF1C3A}.Debug|ARM.ActiveCfg = Debug|Any CPU
		{A9250489-9927-48F7-96C2-6E75A4DF1C3A}.Debug|x64.ActiveCfg = Debug|Any CPU
		{A9250489-9927-48F7-96C2-6E75A4DF1C3A}.Debug|x86.ActiveCfg = Debug|Any CPU
		{A9250489-9927-48F7-96C2-6E75A4DF1C3A}.Release|Any CPU.ActiveCfg = Release|Any CPU
		{A9250489-9927-48F7-96C2-6E75A4DF1C3A}.Release|Any CPU.Build.0 = Release|Any CPU
		{A9250489-9927-48F7-96C2-6E75A4DF1C3A}.Release|ARM.ActiveCfg = Release|Any CPU
		{A9250489-9927-48F7-96C2-6E75A4DF1C3A}.Release|x64.ActiveCfg = Release|Any CPU
		{A9250489-9927-48F7-96C2-6E75A4DF1C3A}.Release|x86.ActiveCfg = Release|Any CPU
		{14DAC40F-7E11-4087-B3EE-82CE512CFE72}.Debug|Any CPU.ActiveCfg = Debug|Any CPU
		{14DAC40F-7E11-4087-B3EE-82CE512CFE72}.Debug|Any CPU.Build.0 = Debug|Any CPU
		{14DAC40F-7E11-4087-B3EE-82CE512CFE72}.Debug|ARM.ActiveCfg = Debug|Any CPU
		{14DAC40F-7E11-4087-B3EE-82CE512CFE72}.Debug|x64.ActiveCfg = Debug|Any CPU
		{14DAC40F-7E11-4087-B3EE-82CE512CFE72}.Debug|x86.ActiveCfg = Debug|Any CPU
		{14DAC40F-7E11-4087-B3EE-82CE512CFE72}.Release|Any CPU.ActiveCfg = Release|Any CPU
		{14DAC40F-7E11-4087-B3EE-82CE512CFE72}.Release|Any CPU.Build.0 = Release|Any CPU
		{14DAC40F-7E11-4087-B3EE-82CE512CFE72}.Release|ARM.ActiveCfg = Release|Any CPU
		{14DAC40F-7E11-4087-B3EE-82CE512CFE72}.Release|x64.ActiveCfg = Release|Any CPU
		{14DAC40F-7E11-4087-B3EE-82CE512CFE72}.Release|x86.ActiveCfg = Release|Any CPU
		{ABDB4013-A743-4560-8D84-3FD7F930087E}.Debug|Any CPU.ActiveCfg = Debug|Any CPU
		{ABDB4013-A743-4560-8D84-3FD7F930087E}.Debug|Any CPU.Build.0 = Debug|Any CPU
		{ABDB4013-A743-4560-8D84-3FD7F930087E}.Debug|ARM.ActiveCfg = Debug|Any CPU
		{ABDB4013-A743-4560-8D84-3FD7F930087E}.Debug|x64.ActiveCfg = Debug|Any CPU
		{ABDB4013-A743-4560-8D84-3FD7F930087E}.Debug|x86.ActiveCfg = Debug|Any CPU
		{ABDB4013-A743-4560-8D84-3FD7F930087E}.Release|Any CPU.ActiveCfg = Release|Any CPU
		{ABDB4013-A743-4560-8D84-3FD7F930087E}.Release|Any CPU.Build.0 = Release|Any CPU
		{ABDB4013-A743-4560-8D84-3FD7F930087E}.Release|ARM.ActiveCfg = Release|Any CPU
		{ABDB4013-A743-4560-8D84-3FD7F930087E}.Release|x64.ActiveCfg = Release|Any CPU
		{ABDB4013-A743-4560-8D84-3FD7F930087E}.Release|x86.ActiveCfg = Release|Any CPU
		{7E4C2FA7-7E57-4904-9E1D-3A206D722119}.Debug|Any CPU.ActiveCfg = Debug|Any CPU
		{7E4C2FA7-7E57-4904-9E1D-3A206D722119}.Debug|Any CPU.Build.0 = Debug|Any CPU
		{7E4C2FA7-7E57-4904-9E1D-3A206D722119}.Debug|ARM.ActiveCfg = Debug|Any CPU
		{7E4C2FA7-7E57-4904-9E1D-3A206D722119}.Debug|x64.ActiveCfg = Debug|Any CPU
		{7E4C2FA7-7E57-4904-9E1D-3A206D722119}.Debug|x86.ActiveCfg = Debug|Any CPU
		{7E4C2FA7-7E57-4904-9E1D-3A206D722119}.Release|Any CPU.ActiveCfg = Release|Any CPU
		{7E4C2FA7-7E57-4904-9E1D-3A206D722119}.Release|Any CPU.Build.0 = Release|Any CPU
		{7E4C2FA7-7E57-4904-9E1D-3A206D722119}.Release|ARM.ActiveCfg = Release|Any CPU
		{7E4C2FA7-7E57-4904-9E1D-3A206D722119}.Release|x64.ActiveCfg = Release|Any CPU
		{7E4C2FA7-7E57-4904-9E1D-3A206D722119}.Release|x86.ActiveCfg = Release|Any CPU
		{38C94C9F-8E56-4CF9-8A5D-65DCCAB2F2A6}.Debug|Any CPU.ActiveCfg = Debug|Any CPU
		{38C94C9F-8E56-4CF9-8A5D-65DCCAB2F2A6}.Debug|Any CPU.Build.0 = Debug|Any CPU
		{38C94C9F-8E56-4CF9-8A5D-65DCCAB2F2A6}.Debug|ARM.ActiveCfg = Debug|Any CPU
		{38C94C9F-8E56-4CF9-8A5D-65DCCAB2F2A6}.Debug|x64.ActiveCfg = Debug|Any CPU
		{38C94C9F-8E56-4CF9-8A5D-65DCCAB2F2A6}.Debug|x86.ActiveCfg = Debug|Any CPU
		{38C94C9F-8E56-4CF9-8A5D-65DCCAB2F2A6}.Release|Any CPU.ActiveCfg = Release|Any CPU
		{38C94C9F-8E56-4CF9-8A5D-65DCCAB2F2A6}.Release|Any CPU.Build.0 = Release|Any CPU
		{38C94C9F-8E56-4CF9-8A5D-65DCCAB2F2A6}.Release|ARM.ActiveCfg = Release|Any CPU
		{38C94C9F-8E56-4CF9-8A5D-65DCCAB2F2A6}.Release|x64.ActiveCfg = Release|Any CPU
		{38C94C9F-8E56-4CF9-8A5D-65DCCAB2F2A6}.Release|x86.ActiveCfg = Release|Any CPU
	EndGlobalSection
	GlobalSection(SolutionProperties) = preSolution
		HideSolutionNode = FALSE
	EndGlobalSection
	GlobalSection(NestedProjects) = preSolution
		{CE2C5F83-245B-48EE-9D36-0E7656A0ADDE} = {8B148449-8840-4A9E-AE1C-609CEAAFA362}
		{030972FE-62AD-44DE-87A0-9EB3130C1B62} = {1BF1DC54-EB2E-4EBA-B170-045005A16D20}
		{D3B362D4-2470-4F61-B94C-70B5360E3B5C} = {1BF1DC54-EB2E-4EBA-B170-045005A16D20}
		{D70C3BD9-EE22-49BA-BCE8-484629A141A8} = {1BF1DC54-EB2E-4EBA-B170-045005A16D20}
		{A0FC5707-246C-4C0C-AC91-12EAC8E5A13D} = {C9EE537D-CA00-4994-9125-3DA5E3EDCDBB}
		{DE5FF28C-F333-40C5-8CAF-89BA4CE92A77} = {C9EE537D-CA00-4994-9125-3DA5E3EDCDBB}
		{DA462A77-FED3-41D5-BEF0-D61977B6C8F9} = {C9EE537D-CA00-4994-9125-3DA5E3EDCDBB}
		{D1DFE570-EB7A-49A7-9E22-167B5BCD0207} = {C9EE537D-CA00-4994-9125-3DA5E3EDCDBB}
		{71A253CF-CF7E-4EB7-8FA6-4563412FEFFB} = {C9EE537D-CA00-4994-9125-3DA5E3EDCDBB}
		{A9250489-9927-48F7-96C2-6E75A4DF1C3A} = {B6161A8F-65A9-4F73-8901-E84962FA7F95}
		{14DAC40F-7E11-4087-B3EE-82CE512CFE72} = {B6161A8F-65A9-4F73-8901-E84962FA7F95}
		{ABDB4013-A743-4560-8D84-3FD7F930087E} = {B6161A8F-65A9-4F73-8901-E84962FA7F95}
		{7E4C2FA7-7E57-4904-9E1D-3A206D722119} = {FB23AF93-72E9-4BD8-95AA-97B27F329264}
		{38C94C9F-8E56-4CF9-8A5D-65DCCAB2F2A6} = {FB23AF93-72E9-4BD8-95AA-97B27F329264}
	EndGlobalSection
EndGlobal
